// !$*UTF8*$!
{
	archiveVersion = 1;
	classes = {
	};
	objectVersion = 46;
	objects = {

/* Begin PBXBuildFile section */
		391C31B227399F0D67EB9B88 /* Pods_Instagram.framework in Frameworks */ = {isa = PBXBuildFile; fileRef = E574A0C80924E29485E9DBD9 /* Pods_Instagram.framework */; };
		E41883BA1E6F5D29009A47BF /* LoginViewController.swift in Sources */ = {isa = PBXBuildFile; fileRef = E41883B91E6F5D29009A47BF /* LoginViewController.swift */; };
		E41883BD1E6FC8A2009A47BF /* InstagramViewController.swift in Sources */ = {isa = PBXBuildFile; fileRef = E41883BC1E6FC8A2009A47BF /* InstagramViewController.swift */; };
		E41883C01E6FC9D8009A47BF /* Post.swift in Sources */ = {isa = PBXBuildFile; fileRef = E41883BF1E6FC9D8009A47BF /* Post.swift */; };
		E41883C21E6FC9E9009A47BF /* User.swift in Sources */ = {isa = PBXBuildFile; fileRef = E41883C11E6FC9E9009A47BF /* User.swift */; };
		E41883C41E6FD19D009A47BF /* NewPicViewController.swift in Sources */ = {isa = PBXBuildFile; fileRef = E41883C31E6FD19D009A47BF /* NewPicViewController.swift */; };
		E41883C71E725DE5009A47BF /* PostsViewCell.swift in Sources */ = {isa = PBXBuildFile; fileRef = E41883C61E725DE5009A47BF /* PostsViewCell.swift */; };
		E49F51061E6F52D400559554 /* AppDelegate.swift in Sources */ = {isa = PBXBuildFile; fileRef = E49F51051E6F52D400559554 /* AppDelegate.swift */; };
		E49F510B1E6F52D400559554 /* Main.storyboard in Resources */ = {isa = PBXBuildFile; fileRef = E49F51091E6F52D400559554 /* Main.storyboard */; };
		E49F510D1E6F52D400559554 /* Assets.xcassets in Resources */ = {isa = PBXBuildFile; fileRef = E49F510C1E6F52D400559554 /* Assets.xcassets */; };
		E49F51101E6F52D400559554 /* LaunchScreen.storyboard in Resources */ = {isa = PBXBuildFile; fileRef = E49F510E1E6F52D400559554 /* LaunchScreen.storyboard */; };
/* End PBXBuildFile section */

/* Begin PBXFileReference section */
		AAC0E54BB1E8BCFF262837B9 /* Pods-Instagram.debug.xcconfig */ = {isa = PBXFileReference; includeInIndex = 1; lastKnownFileType = text.xcconfig; name = "Pods-Instagram.debug.xcconfig"; path = "Pods/Target Support Files/Pods-Instagram/Pods-Instagram.debug.xcconfig"; sourceTree = "<group>"; };
		E41883B91E6F5D29009A47BF /* LoginViewController.swift */ = {isa = PBXFileReference; fileEncoding = 4; lastKnownFileType = sourcecode.swift; path = LoginViewController.swift; sourceTree = "<group>"; };
		E41883BC1E6FC8A2009A47BF /* InstagramViewController.swift */ = {isa = PBXFileReference; fileEncoding = 4; lastKnownFileType = sourcecode.swift; path = InstagramViewController.swift; sourceTree = "<group>"; };
		E41883BF1E6FC9D8009A47BF /* Post.swift */ = {isa = PBXFileReference; fileEncoding = 4; lastKnownFileType = sourcecode.swift; path = Post.swift; sourceTree = "<group>"; };
		E41883C11E6FC9E9009A47BF /* User.swift */ = {isa = PBXFileReference; fileEncoding = 4; lastKnownFileType = sourcecode.swift; path = User.swift; sourceTree = "<group>"; };
		E41883C31E6FD19D009A47BF /* NewPicViewController.swift */ = {isa = PBXFileReference; fileEncoding = 4; lastKnownFileType = sourcecode.swift; path = NewPicViewController.swift; sourceTree = "<group>"; };
		E41883C61E725DE5009A47BF /* PostsViewCell.swift */ = {isa = PBXFileReference; fileEncoding = 4; lastKnownFileType = sourcecode.swift; path = PostsViewCell.swift; sourceTree = "<group>"; };
		E49F51021E6F52D400559554 /* Instagram.app */ = {isa = PBXFileReference; explicitFileType = wrapper.application; includeInIndex = 0; path = Instagram.app; sourceTree = BUILT_PRODUCTS_DIR; };
		E49F51051E6F52D400559554 /* AppDelegate.swift */ = {isa = PBXFileReference; lastKnownFileType = sourcecode.swift; path = AppDelegate.swift; sourceTree = "<group>"; };
		E49F510A1E6F52D400559554 /* Base */ = {isa = PBXFileReference; lastKnownFileType = file.storyboard; name = Base; path = Base.lproj/Main.storyboard; sourceTree = "<group>"; };
		E49F510C1E6F52D400559554 /* Assets.xcassets */ = {isa = PBXFileReference; lastKnownFileType = folder.assetcatalog; path = Assets.xcassets; sourceTree = "<group>"; };
		E49F510F1E6F52D400559554 /* Base */ = {isa = PBXFileReference; lastKnownFileType = file.storyboard; name = Base; path = Base.lproj/LaunchScreen.storyboard; sourceTree = "<group>"; };
		E49F51111E6F52D400559554 /* Info.plist */ = {isa = PBXFileReference; lastKnownFileType = text.plist.xml; path = Info.plist; sourceTree = "<group>"; };
		E574A0C80924E29485E9DBD9 /* Pods_Instagram.framework */ = {isa = PBXFileReference; explicitFileType = wrapper.framework; includeInIndex = 0; path = Pods_Instagram.framework; sourceTree = BUILT_PRODUCTS_DIR; };
		FD6F25B1D22816278960C5FB /* Pods-Instagram.release.xcconfig */ = {isa = PBXFileReference; includeInIndex = 1; lastKnownFileType = text.xcconfig; name = "Pods-Instagram.release.xcconfig"; path = "Pods/Target Support Files/Pods-Instagram/Pods-Instagram.release.xcconfig"; sourceTree = "<group>"; };
/* End PBXFileReference section */

/* Begin PBXFrameworksBuildPhase section */
		E49F50FF1E6F52D400559554 /* Frameworks */ = {
			isa = PBXFrameworksBuildPhase;
			buildActionMask = 2147483647;
			files = (
				391C31B227399F0D67EB9B88 /* Pods_Instagram.framework in Frameworks */,
			);
			runOnlyForDeploymentPostprocessing = 0;
		};
/* End PBXFrameworksBuildPhase section */

/* Begin PBXGroup section */
		525CE03EC0904A370622C4FB /* Pods */ = {
			isa = PBXGroup;
			children = (
				AAC0E54BB1E8BCFF262837B9 /* Pods-Instagram.debug.xcconfig */,
				FD6F25B1D22816278960C5FB /* Pods-Instagram.release.xcconfig */,
			);
			name = Pods;
			sourceTree = "<group>";
		};
		55B028C5723169795B102336 /* Frameworks */ = {
			isa = PBXGroup;
			children = (
				E574A0C80924E29485E9DBD9 /* Pods_Instagram.framework */,
			);
			name = Frameworks;
			sourceTree = "<group>";
		};
		E41883BB1E6FC3E2009A47BF /* ViewController */ = {
			isa = PBXGroup;
			children = (
				E41883B91E6F5D29009A47BF /* LoginViewController.swift */,
				E41883BC1E6FC8A2009A47BF /* InstagramViewController.swift */,
				E41883C31E6FD19D009A47BF /* NewPicViewController.swift */,
			);
			name = ViewController;
			sourceTree = "<group>";
		};
		E41883BE1E6FC9BB009A47BF /* Models */ = {
			isa = PBXGroup;
			children = (
				E41883BF1E6FC9D8009A47BF /* Post.swift */,
				E41883C11E6FC9E9009A47BF /* User.swift */,
			);
			name = Models;
			sourceTree = "<group>";
		};
		E41883C51E725DC5009A47BF /* Cell */ = {
			isa = PBXGroup;
			children = (
				E41883C61E725DE5009A47BF /* PostsViewCell.swift */,
			);
			name = Cell;
			sourceTree = "<group>";
		};
		E49F50F91E6F52D400559554 = {
			isa = PBXGroup;
			children = (
				E49F51041E6F52D400559554 /* Instagram */,
				E49F51031E6F52D400559554 /* Products */,
				525CE03EC0904A370622C4FB /* Pods */,
				55B028C5723169795B102336 /* Frameworks */,
			);
			sourceTree = "<group>";
		};
		E49F51031E6F52D400559554 /* Products */ = {
			isa = PBXGroup;
			children = (
				E49F51021E6F52D400559554 /* Instagram.app */,
			);
			name = Products;
			sourceTree = "<group>";
		};
		E49F51041E6F52D400559554 /* Instagram */ = {
			isa = PBXGroup;
			children = (
				E41883C51E725DC5009A47BF /* Cell */,
				E41883BE1E6FC9BB009A47BF /* Models */,
				E41883BB1E6FC3E2009A47BF /* ViewController */,
				E49F51051E6F52D400559554 /* AppDelegate.swift */,
				E49F51091E6F52D400559554 /* Main.storyboard */,
				E49F510C1E6F52D400559554 /* Assets.xcassets */,
				E49F510E1E6F52D400559554 /* LaunchScreen.storyboard */,
				E49F51111E6F52D400559554 /* Info.plist */,
			);
			path = Instagram;
			sourceTree = "<group>";
		};
/* End PBXGroup section */

/* Begin PBXNativeTarget section */
		E49F51011E6F52D400559554 /* Instagram */ = {
			isa = PBXNativeTarget;
			buildConfigurationList = E49F51141E6F52D400559554 /* Build configuration list for PBXNativeTarget "Instagram" */;
			buildPhases = (
				3E1519DC4141070B1C24C518 /* [CP] Check Pods Manifest.lock */,
				E49F50FE1E6F52D400559554 /* Sources */,
				E49F50FF1E6F52D400559554 /* Frameworks */,
				E49F51001E6F52D400559554 /* Resources */,
				BBDB736C995D4944B07D4830 /* [CP] Embed Pods Frameworks */,
				757EF1B6F85D6691F6148F95 /* [CP] Copy Pods Resources */,
			);
			buildRules = (
			);
			dependencies = (
			);
			name = Instagram;
			productName = Instagram;
			productReference = E49F51021E6F52D400559554 /* Instagram.app */;
			productType = "com.apple.product-type.application";
		};
/* End PBXNativeTarget section */

/* Begin PBXProject section */
		E49F50FA1E6F52D400559554 /* Project object */ = {
			isa = PBXProject;
			attributes = {
				LastSwiftUpdateCheck = 0820;
				LastUpgradeCheck = 0820;
				ORGANIZATIONNAME = "Thuan Nguyen";
				TargetAttributes = {
					E49F51011E6F52D400559554 = {
						CreatedOnToolsVersion = 8.2.1;
						ProvisioningStyle = Automatic;
					};
				};
			};
			buildConfigurationList = E49F50FD1E6F52D400559554 /* Build configuration list for PBXProject "Instagram" */;
			compatibilityVersion = "Xcode 3.2";
			developmentRegion = English;
			hasScannedForEncodings = 0;
			knownRegions = (
				en,
				Base,
			);
			mainGroup = E49F50F91E6F52D400559554;
			productRefGroup = E49F51031E6F52D400559554 /* Products */;
			projectDirPath = "";
			projectRoot = "";
			targets = (
				E49F51011E6F52D400559554 /* Instagram */,
			);
		};
/* End PBXProject section */

/* Begin PBXResourcesBuildPhase section */
		E49F51001E6F52D400559554 /* Resources */ = {
			isa = PBXResourcesBuildPhase;
			buildActionMask = 2147483647;
			files = (
				E49F51101E6F52D400559554 /* LaunchScreen.storyboard in Resources */,
				E49F510D1E6F52D400559554 /* Assets.xcassets in Resources */,
				E49F510B1E6F52D400559554 /* Main.storyboard in Resources */,
			);
			runOnlyForDeploymentPostprocessing = 0;
		};
/* End PBXResourcesBuildPhase section */

/* Begin PBXShellScriptBuildPhase section */
		3E1519DC4141070B1C24C518 /* [CP] Check Pods Manifest.lock */ = {
			isa = PBXShellScriptBuildPhase;
			buildActionMask = 2147483647;
			files = (
			);
			inputPaths = (
			);
			name = "[CP] Check Pods Manifest.lock";
			outputPaths = (
			);
			runOnlyForDeploymentPostprocessing = 0;
			shellPath = /bin/sh;
			shellScript = "diff \"${PODS_ROOT}/../Podfile.lock\" \"${PODS_ROOT}/Manifest.lock\" > /dev/null\nif [ $? != 0 ] ; then\n    # print error to STDERR\n    echo \"error: The sandbox is not in sync with the Podfile.lock. Run 'pod install' or update your CocoaPods installation.\" >&2\n    exit 1\nfi\n";
			showEnvVarsInLog = 0;
		};
		757EF1B6F85D6691F6148F95 /* [CP] Copy Pods Resources */ = {
			isa = PBXShellScriptBuildPhase;
			buildActionMask = 2147483647;
			files = (
			);
			inputPaths = (
			);
			name = "[CP] Copy Pods Resources";
			outputPaths = (
			);
			runOnlyForDeploymentPostprocessing = 0;
			shellPath = /bin/sh;
			shellScript = "\"${SRCROOT}/Pods/Target Support Files/Pods-Instagram/Pods-Instagram-resources.sh\"\n";
			showEnvVarsInLog = 0;
		};
		BBDB736C995D4944B07D4830 /* [CP] Embed Pods Frameworks */ = {
			isa = PBXShellScriptBuildPhase;
			buildActionMask = 2147483647;
			files = (
			);
			inputPaths = (
			);
			name = "[CP] Embed Pods Frameworks";
			outputPaths = (
			);
			runOnlyForDeploymentPostprocessing = 0;
			shellPath = /bin/sh;
			shellScript = "\"${SRCROOT}/Pods/Target Support Files/Pods-Instagram/Pods-Instagram-frameworks.sh\"\n";
			showEnvVarsInLog = 0;
		};
/* End PBXShellScriptBuildPhase section */

/* Begin PBXSourcesBuildPhase section */
		E49F50FE1E6F52D400559554 /* Sources */ = {
			isa = PBXSourcesBuildPhase;
			buildActionMask = 2147483647;
			files = (
				E41883BD1E6FC8A2009A47BF /* InstagramViewController.swift in Sources */,
				E41883BA1E6F5D29009A47BF /* LoginViewController.swift in Sources */,
				E41883C41E6FD19D009A47BF /* NewPicViewController.swift in Sources */,
				E49F51061E6F52D400559554 /* AppDelegate.swift in Sources */,
				E41883C21E6FC9E9009A47BF /* User.swift in Sources */,
				E41883C71E725DE5009A47BF /* PostsViewCell.swift in Sources */,
				E41883C01E6FC9D8009A47BF /* Post.swift in Sources */,
			);
			runOnlyForDeploymentPostprocessing = 0;
		};
/* End PBXSourcesBuildPhase section */

/* Begin PBXVariantGroup section */
		E49F51091E6F52D400559554 /* Main.storyboard */ = {
			isa = PBXVariantGroup;
			children = (
				E49F510A1E6F52D400559554 /* Base */,
			);
			name = Main.storyboard;
			sourceTree = "<group>";
		};
		E49F510E1E6F52D400559554 /* LaunchScreen.storyboard */ = {
			isa = PBXVariantGroup;
			children = (
				E49F510F1E6F52D400559554 /* Base */,
			);
			name = LaunchScreen.storyboard;
			sourceTree = "<group>";
		};
/* End PBXVariantGroup section */

/* Begin XCBuildConfiguration section */
		E49F51121E6F52D400559554 /* Debug */ = {
			isa = XCBuildConfiguration;
			buildSettings = {
				ALWAYS_SEARCH_USER_PATHS = NO;
				CLANG_ANALYZER_NONNULL = YES;
				CLANG_CXX_LANGUAGE_STANDARD = "gnu++0x";
				CLANG_CXX_LIBRARY = "libc++";
				CLANG_ENABLE_MODULES = YES;
				CLANG_ENABLE_OBJC_ARC = YES;
				CLANG_WARN_BOOL_CONVERSION = YES;
				CLANG_WARN_CONSTANT_CONVERSION = YES;
				CLANG_WARN_DIRECT_OBJC_ISA_USAGE = YES_ERROR;
				CLANG_WARN_DOCUMENTATION_COMMENTS = YES;
				CLANG_WARN_EMPTY_BODY = YES;
				CLANG_WARN_ENUM_CONVERSION = YES;
				CLANG_WARN_INFINITE_RECURSION = YES;
				CLANG_WARN_INT_CONVERSION = YES;
				CLANG_WARN_OBJC_ROOT_CLASS = YES_ERROR;
				CLANG_WARN_SUSPICIOUS_MOVE = YES;
				CLANG_WARN_UNREACHABLE_CODE = YES;
				CLANG_WARN__DUPLICATE_METHOD_MATCH = YES;
				"CODE_SIGN_IDENTITY[sdk=iphoneos*]" = "iPhone Developer";
				COPY_PHASE_STRIP = NO;
				DEBUG_INFORMATION_FORMAT = dwarf;
				ENABLE_STRICT_OBJC_MSGSEND = YES;
				ENABLE_TESTABILITY = YES;
				GCC_C_LANGUAGE_STANDARD = gnu99;
				GCC_DYNAMIC_NO_PIC = NO;
				GCC_NO_COMMON_BLOCKS = YES;
				GCC_OPTIMIZATION_LEVEL = 0;
				GCC_PREPROCESSOR_DEFINITIONS = (
					"DEBUG=1",
					"$(inherited)",
				);
				GCC_WARN_64_TO_32_BIT_CONVERSION = YES;
				GCC_WARN_ABOUT_RETURN_TYPE = YES_ERROR;
				GCC_WARN_UNDECLARED_SELECTOR = YES;
				GCC_WARN_UNINITIALIZED_AUTOS = YES_AGGRESSIVE;
				GCC_WARN_UNUSED_FUNCTION = YES;
				GCC_WARN_UNUSED_VARIABLE = YES;
				IPHONEOS_DEPLOYMENT_TARGET = 10.2;
				MTL_ENABLE_DEBUG_INFO = YES;
				ONLY_ACTIVE_ARCH = YES;
				SDKROOT = iphoneos;
				SWIFT_ACTIVE_COMPILATION_CONDITIONS = DEBUG;
				SWIFT_OPTIMIZATION_LEVEL = "-Onone";
			};
			name = Debug;
		};
		E49F51131E6F52D400559554 /* Release */ = {
			isa = XCBuildConfiguration;
			buildSettings = {
				ALWAYS_SEARCH_USER_PATHS = NO;
				CLANG_ANALYZER_NONNULL = YES;
				CLANG_CXX_LANGUAGE_STANDARD = "gnu++0x";
				CLANG_CXX_LIBRARY = "libc++";
				CLANG_ENABLE_MODULES = YES;
				CLANG_ENABLE_OBJC_ARC = YES;
				CLANG_WARN_BOOL_CONVERSION = YES;
				CLANG_WARN_CONSTANT_CONVERSION = YES;
				CLANG_WARN_DIRECT_OBJC_ISA_USAGE = YES_ERROR;
				CLANG_WARN_DOCUMENTATION_COMMENTS = YES;
				CLANG_WARN_EMPTY_BODY = YES;
				CLANG_WARN_ENUM_CONVERSION = YES;
				CLANG_WARN_INFINITE_RECURSION = YES;
				CLANG_WARN_INT_CONVERSION = YES;
				CLANG_WARN_OBJC_ROOT_CLASS = YES_ERROR;
				CLANG_WARN_SUSPICIOUS_MOVE = YES;
				CLANG_WARN_UNREACHABLE_CODE = YES;
				CLANG_WARN__DUPLICATE_METHOD_MATCH = YES;
				"CODE_SIGN_IDENTITY[sdk=iphoneos*]" = "iPhone Developer";
				COPY_PHASE_STRIP = NO;
				DEBUG_INFORMATION_FORMAT = "dwarf-with-dsym";
				ENABLE_NS_ASSERTIONS = NO;
				ENABLE_STRICT_OBJC_MSGSEND = YES;
				GCC_C_LANGUAGE_STANDARD = gnu99;
				GCC_NO_COMMON_BLOCKS = YES;
				GCC_WARN_64_TO_32_BIT_CONVERSION = YES;
				GCC_WARN_ABOUT_RETURN_TYPE = YES_ERROR;
				GCC_WARN_UNDECLARED_SELECTOR = YES;
				GCC_WARN_UNINITIALIZED_AUTOS = YES_AGGRESSIVE;
				GCC_WARN_UNUSED_FUNCTION = YES;
				GCC_WARN_UNUSED_VARIABLE = YES;
				IPHONEOS_DEPLOYMENT_TARGET = 10.2;
				MTL_ENABLE_DEBUG_INFO = NO;
				SDKROOT = iphoneos;
				SWIFT_OPTIMIZATION_LEVEL = "-Owholemodule";
				VALIDATE_PRODUCT = YES;
			};
			name = Release;
		};
		E49F51151E6F52D400559554 /* Debug */ = {
			isa = XCBuildConfiguration;
			baseConfigurationReference = AAC0E54BB1E8BCFF262837B9 /* Pods-Instagram.debug.xcconfig */;
			buildSettings = {
				ASSETCATALOG_COMPILER_APPICON_NAME = AppIcon;
				INFOPLIST_FILE = Instagram/Info.plist;
				LD_RUNPATH_SEARCH_PATHS = "$(inherited) @executable_path/Frameworks";
				PRODUCT_BUNDLE_IDENTIFIER = com.codepath.Instagram;
				PRODUCT_NAME = "$(TARGET_NAME)";
				SWIFT_VERSION = 3.0;
			};
			name = Debug;
		};
		E49F51161E6F52D400559554 /* Release */ = {
			isa = XCBuildConfiguration;
			baseConfigurationReference = FD6F25B1D22816278960C5FB /* Pods-Instagram.release.xcconfig */;
			buildSettings = {
				ASSETCATALOG_COMPILER_APPICON_NAME = AppIcon;
				INFOPLIST_FILE = Instagram/Info.plist;
				LD_RUNPATH_SEARCH_PATHS = "$(inherited) @executable_path/Frameworks";
				PRODUCT_BUNDLE_IDENTIFIER = com.codepath.Instagram;
				PRODUCT_NAME = "$(TARGET_NAME)";
				SWIFT_VERSION = 3.0;
			};
			name = Release;
		};
/* End XCBuildConfiguration section */

/* Begin XCConfigurationList section */
		E49F50FD1E6F52D400559554 /* Build configuration list for PBXProject "Instagram" */ = {
			isa = XCConfigurationList;
			buildConfigurations = (
				E49F51121E6F52D400559554 /* Debug */,
				E49F51131E6F52D400559554 /* Release */,
			);
			defaultConfigurationIsVisible = 0;
			defaultConfigurationName = Release;
		};
		E49F51141E6F52D400559554 /* Build configuration list for PBXNativeTarget "Instagram" */ = {
			isa = XCConfigurationList;
			buildConfigurations = (
				E49F51151E6F52D400559554 /* Debug */,
				E49F51161E6F52D400559554 /* Release */,
			);
			defaultConfigurationIsVisible = 0;
			defaultConfigurationName = Release;
		};
/* End XCConfigurationList section */
	};
	rootObject = E49F50FA1E6F52D400559554 /* Project object */;
}
